
Microsoft Visual Studio Solution File, Format Version 12.00
# Visual Studio Version 17
VisualStudioVersion = 17.5.33530.505
MinimumVisualStudioVersion = 10.0.40219.1
Project("{9A19103F-16F7-4668-BE54-9A1E7A4F7556}") = "TrackerLibrary", "TrackerLibrary\TrackerLibrary.csproj", "{FBCDD71B-875E-4D6A-91FC-4A5A316C0F3E}"
EndProject
Project("{9A19103F-16F7-4668-BE54-9A1E7A4F7556}") = "TournamentTrackerUI", "TournamentTrackerUI\TournamentTrackerUI.csproj", "{331EB201-15DF-4A9F-AAC3-80D13F1B6F3A}"
EndProject
Global
	GlobalSection(SolutionConfigurationPlatforms) = preSolution
		Debug|Any CPU = Debug|Any CPU
		Release|Any CPU = Release|Any CPU
	EndGlobalSection
	GlobalSection(ProjectConfigurationPlatforms) = postSolution
		{FBCDD71B-875E-4D6A-91FC-4A5A316C0F3E}.Debug|Any CPU.ActiveCfg = Debug|Any CPU
		{FBCDD71B-875E-4D6A-91FC-4A5A316C0F3E}.Debug|Any CPU.Build.0 = Debug|Any CPU
		{FBCDD71B-875E-4D6A-91FC-4A5A316C0F3E}.Release|Any CPU.ActiveCfg = Release|Any CPU
		{FBCDD71B-875E-4D6A-91FC-4A5A316C0F3E}.Release|Any CPU.Build.0 = Release|Any CPU
		{331EB201-15DF-4A9F-AAC3-80D13F1B6F3A}.Debug|Any CPU.ActiveCfg = Debug|Any CPU
		{331EB201-15DF-4A9F-AAC3-80D13F1B6F3A}.Debug|Any CPU.Build.0 = Debug|Any CPU
		{331EB201-15DF-4A9F-AAC3-80D13F1B6F3A}.Release|Any CPU.ActiveCfg = Release|Any CPU
		{331EB201-15DF-4A9F-AAC3-80D13F1B6F3A}.Release|Any CPU.Build.0 = Release|Any CPU
	EndGlobalSection
	GlobalSection(SolutionProperties) = preSolution
		HideSolutionNode = FALSE
	EndGlobalSection
	GlobalSection(ExtensibilityGlobals) = postSolution
		SolutionGuid = {3E386D2B-05ED-46CC-A8C1-C93AE44D5950}
	EndGlobalSection
EndGlobal
